lockfileVersion: '9.0'

settings:
  autoInstallPeers: true
  excludeLinksFromLockfile: false

importers:

  .:
    dependencies:
      '@graphlab-fr/cosma':
        specifier: ^2.6.0
        version: 2.6.0(graphology-types@0.24.8)

packages:

  '@graphlab-fr/cosma@2.6.0':
    resolution: {integrity: sha512-C6pUBh+4pSbvFs+w1hzemKSwagu+XoBGOdSDAQlOleyxakagGLMsm9T5rKQB/T1/tO7hN1jOzfqzpvs+3xACkQ==}
    hasBin: true

  '@hapi/hoek@9.3.0':
    resolution: {integrity: sha512-/c6rf4UJlmHlC9b5BaNvzAcFv7HZ2QHaV0D4/HNlBdvFnvQq8RI4kYdhyPCl7Xj+oWvTWQ8ujhqS53LIgAe6KQ==}

  '@hapi/topo@5.1.0':
    resolution: {integrity: sha512-foQZKJig7Ob0BMAYBfcJk8d77QtOe7Wo4ox7ff1lQYoNNAb6jwcY1ncdoy2e9wQZzvNy7ODZCYJkK8kzmcAnAg==}

  '@sideway/address@4.1.5':
    resolution: {integrity: sha512-IqO/DUQHUkPeixNQ8n0JA6102hT9CmaljNTPmQ1u8MEhBo/R4Q8eKLN/vGZxuebwOroDB4cbpjheD4+/sKFK4Q==}

  '@sideway/formula@3.0.1':
    resolution: {integrity: sha512-/poHZJJVjx3L+zVD6g9KgHfYnb443oi7wLu/XKojDviHy6HOEOA6z1Trk5aR1dGcmPenJEgb2sK2I80LeS3MIg==}

  '@sideway/pinpoint@2.0.0':
    resolution: {integrity: sha512-RNiOoTPkptFtSVzQevY/yWtZwf/RxyVnPy/OcA9HBM3MlGDnBEYL5B41H0MTn0Uec8Hi+2qUtTfG2WWZBmMejQ==}

  '@vscode/markdown-it-katex@1.1.2':
    resolution: {integrity: sha512-+4IIv5PgrmhKvW/3LpkpkGg257OViEhXkOOgCyj5KMsjsOfnRXkni8XAuuF9Ui5p3B8WnUovlDXAQNb8RJ/RaQ==}

  a-sync-waterfall@1.0.1:
    resolution: {integrity: sha512-RYTOHHdWipFUliRFMCS4X2Yn2X8M87V/OpSqWzKKOGhzqyUxzyVmhHDH9sAvG+ZuQf/TAOFsLCpMw09I1ufUnA==}

  argparse@2.0.1:
    resolution: {integrity: sha512-8+9WqebbFzpX9OR+Wa6O29asIogeRMzcGtAINdpMHHyAg10f05aSFVBbcEqGf/PXw1EjAZ+q2/bEBg3DvurK3Q==}

  asap@2.0.6:
    resolution: {integrity: sha512-BSHWgDSAiKs50o2Re8ppvp3seVHXSRM44cdSsT9FfNEUUZLOGWVCsiWaRPWM1Znn+mqZ1OfVZ3z3DWEzSp7hRA==}

  citeproc@2.4.63:
    resolution: {integrity: sha512-68F95Bp4UbgZU/DBUGQn0qV3HDZLCdI9+Bb2ByrTaNJDL5VEm9LqaiNaxljsvoaExSLEXe1/r6n2Z06SCzW3/Q==}

  commander@12.1.0:
    resolution: {integrity: sha512-Vw8qHK3bZM9y/P10u3Vib8o/DdkvA2OtPtZvD871QKjy74Wj1WSKFILMPRPSdUSx5RFK1arlJzEtA4PkFgnbuA==}
    engines: {node: '>=18'}

  commander@5.1.0:
    resolution: {integrity: sha512-P0CysNDQ7rtVw4QIQtm+MRxV66vKFSvlsQvGYXZWR3qFU0jlMKHZZZgw8e+8DSah4UDKMqnknRDQz+xuQXQ/Zg==}
    engines: {node: '>= 6'}

  commander@7.2.0:
    resolution: {integrity: sha512-QrWXB+ZQSVPmIWIhtEO9H+gwHaMGYiF5ChvoJ+K9ZGHG/sVsa6yiesAD1GC/x46sET00Xlwo1u49RVVVzvcSkw==}
    engines: {node: '>= 10'}

  commander@8.3.0:
    resolution: {integrity: sha512-OkTL9umf+He2DZkUq8f8J9of7yL6RJKI24dVITBmNfZBmri9zYZQrKkuXiKhyfPSu8tUhnVBB1iKXevvnlR4Ww==}
    engines: {node: '>= 12'}

  csv-parse@5.6.0:
    resolution: {integrity: sha512-l3nz3euub2QMg5ouu5U09Ew9Wf6/wQ8I++ch1loQ0ljmzhmfZYrH9fflS22i/PQEvsPvxCwxgz5q7UB8K1JO4Q==}

  d3-array@3.2.4:
    resolution: {integrity: sha512-tdQAmyA18i4J7wprpYq8ClcxZy3SC31QMeByyCFyRt7BVHdREQZ5lpzoe5mFEYZUWe+oq8HBvk9JjpibyEV4Jg==}
    engines: {node: '>=12'}

  d3-axis@3.0.0:
    resolution: {integrity: sha512-IH5tgjV4jE/GhHkRV0HiVYPDtvfjHQlQfJHs0usq7M30XcSBvOotpmH1IgkcXsO/5gEQZD43B//fc7SRT5S+xw==}
    engines: {node: '>=12'}

  d3-brush@3.0.0:
    resolution: {integrity: sha512-ALnjWlVYkXsVIGlOsuWH1+3udkYFI48Ljihfnh8FZPF2QS9o+PzGLBslO0PjzVoHLZ2KCVgAM8NVkXPJB2aNnQ==}
    engines: {node: '>=12'}

  d3-chord@3.0.1:
    resolution: {integrity: sha512-VE5S6TNa+j8msksl7HwjxMHDM2yNK3XCkusIlpX5kwauBfXuyLAtNg9jCp/iHH61tgI4sb6R/EIMWCqEIdjT/g==}
    engines: {node: '>=12'}

  d3-color@3.1.0:
    resolution: {integrity: sha512-zg/chbXyeBtMQ1LbD/WSoW2DpC3I0mpmPdW+ynRTj/x2DAWYrIY7qeZIHidozwV24m4iavr15lNwIwLxRmOxhA==}
    engines: {node: '>=12'}

  d3-contour@4.0.2:
    resolution: {integrity: sha512-4EzFTRIikzs47RGmdxbeUvLWtGedDUNkTcmzoeyg4sP/dvCexO47AaQL7VKy/gul85TOxw+IBgA8US2xwbToNA==}
    engines: {node: '>=12'}

  d3-delaunay@6.0.4:
    resolution: {integrity: sha512-mdjtIZ1XLAM8bm/hx3WwjfHt6Sggek7qH043O8KEjDXN40xi3vx/6pYSVTwLjEgiXQTbvaouWKynLBiUZ6SK6A==}
    engines: {node: '>=12'}

  d3-dispatch@3.0.1:
    resolution: {integrity: sha512-rzUyPU/S7rwUflMyLc1ETDeBj0NRuHKKAcvukozwhshr6g6c5d8zh4c2gQjY2bZ0dXeGLWc1PF174P2tVvKhfg==}
    engines: {node: '>=12'}

  d3-drag@3.0.0:
    resolution: {integrity: sha512-pWbUJLdETVA8lQNJecMxoXfH6x+mO2UQo8rSmZ+QqxcbyA3hfeprFgIT//HW2nlHChWeIIMwS2Fq+gEARkhTkg==}
    engines: {node: '>=12'}

  d3-dsv@3.0.1:
    resolution: {integrity: sha512-UG6OvdI5afDIFP9w4G0mNq50dSOsXHJaRE8arAS5o9ApWnIElp8GZw1Dun8vP8OyHOZ/QJUKUJwxiiCCnUwm+Q==}
    engines: {node: '>=12'}
    hasBin: true

  d3-ease@3.0.1:
    resolution: {integrity: sha512-wR/XK3D3XcLIZwpbvQwQ5fK+8Ykds1ip7A2Txe0yxncXSdq1L9skcG7blcedkOX+ZcgxGAmLX1FrRGbADwzi0w==}
    engines: {node: '>=12'}

  d3-fetch@3.0.1:
    resolution: {integrity: sha512-kpkQIM20n3oLVBKGg6oHrUchHM3xODkTzjMoj7aWQFq5QEM+R6E4WkzT5+tojDY7yjez8KgCBRoj4aEr99Fdqw==}
    engines: {node: '>=12'}

  d3-force@3.0.0:
    resolution: {integrity: sha512-zxV/SsA+U4yte8051P4ECydjD/S+qeYtnaIyAs9tgHCqfguma/aAQDjo85A9Z6EKhBirHRJHXIgJUlffT4wdLg==}
    engines: {node: '>=12'}

  d3-format@3.1.0:
    resolution: {integrity: sha512-YyUI6AEuY/Wpt8KWLgZHsIU86atmikuoOmCfommt0LYHiQSPjvX2AcFc38PX0CBpr2RCyZhjex+NS/LPOv6YqA==}
    engines: {node: '>=12'}

  d3-geo@3.1.1:
    resolution: {integrity: sha512-637ln3gXKXOwhalDzinUgY83KzNWZRKbYubaG+fGVuc/dxO64RRljtCTnf5ecMyE1RIdtqpkVcq0IbtU2S8j2Q==}
    engines: {node: '>=12'}

  d3-hierarchy@3.1.2:
    resolution: {integrity: sha512-FX/9frcub54beBdugHjDCdikxThEqjnR93Qt7PvQTOHxyiNCAlvMrHhclk3cD5VeAaq9fxmfRp+CnWw9rEMBuA==}
    engines: {node: '>=12'}

  d3-interpolate@3.0.1:
    resolution: {integrity: sha512-3bYs1rOD33uo8aqJfKP3JWPAibgw8Zm2+L9vBKEHJ2Rg+viTR7o5Mmv5mZcieN+FRYaAOWX5SJATX6k1PWz72g==}
    engines: {node: '>=12'}

  d3-path@3.1.0:
    resolution: {integrity: sha512-p3KP5HCf/bvjBSSKuXid6Zqijx7wIfNW+J/maPs+iwR35at5JCbLUT0LzF1cnjbCHWhqzQTIN2Jpe8pRebIEFQ==}
    engines: {node: '>=12'}

  d3-polygon@3.0.1:
    resolution: {integrity: sha512-3vbA7vXYwfe1SYhED++fPUQlWSYTTGmFmQiany/gdbiWgU/iEyQzyymwL9SkJjFFuCS4902BSzewVGsHHmHtXg==}
    engines: {node: '>=12'}

  d3-quadtree@3.0.1:
    resolution: {integrity: sha512-04xDrxQTDTCFwP5H6hRhsRcb9xxv2RzkcsygFzmkSIOJy3PeRJP7sNk3VRIbKXcog561P9oU0/rVH6vDROAgUw==}
    engines: {node: '>=12'}

  d3-random@3.0.1:
    resolution: {integrity: sha512-FXMe9GfxTxqd5D6jFsQ+DJ8BJS4E/fT5mqqdjovykEB2oFbTMDVdg1MGFxfQW+FBOGoB++k8swBrgwSHT1cUXQ==}
    engines: {node: '>=12'}

  d3-scale-chromatic@3.1.0:
    resolution: {integrity: sha512-A3s5PWiZ9YCXFye1o246KoscMWqf8BsD9eRiJ3He7C9OBaxKhAd5TFCdEx/7VbKtxxTsu//1mMJFrEt572cEyQ==}
    engines: {node: '>=12'}

  d3-scale@4.0.2:
    resolution: {integrity: sha512-GZW464g1SH7ag3Y7hXjf8RoUuAFIqklOAq3MRl4OaWabTFJY9PN/E1YklhXLh+OQ3fM9yS2nOkCoS+WLZ6kvxQ==}
    engines: {node: '>=12'}

  d3-selection@3.0.0:
    resolution: {integrity: sha512-fmTRWbNMmsmWq6xJV8D19U/gw/bwrHfNXxrIN+HfZgnzqTHp9jOmKMhsTUjXOJnZOdZY9Q28y4yebKzqDKlxlQ==}
    engines: {node: '>=12'}

  d3-shape@3.2.0:
    resolution: {integrity: sha512-SaLBuwGm3MOViRq2ABk3eLoxwZELpH6zhl3FbAoJ7Vm1gofKx6El1Ib5z23NUEhF9AsGl7y+dzLe5Cw2AArGTA==}
    engines: {node: '>=12'}

  d3-time-format@4.1.0:
    resolution: {integrity: sha512-dJxPBlzC7NugB2PDLwo9Q8JiTR3M3e4/XANkreKSUxF8vvXKqm1Yfq4Q5dl8budlunRVlUUaDUgFt7eA8D6NLg==}
    engines: {node: '>=12'}

  d3-time@3.1.0:
    resolution: {integrity: sha512-VqKjzBLejbSMT4IgbmVgDjpkYrNWUYJnbCGo874u7MMKIWsILRX+OpX/gTk8MqjpT1A/c6HY2dCA77ZN0lkQ2Q==}
    engines: {node: '>=12'}

  d3-timer@3.0.1:
    resolution: {integrity: sha512-ndfJ/JxxMd3nw31uyKoY2naivF+r29V+Lc0svZxe1JvvIRmi8hUsrMvdOwgS1o6uBHmiz91geQ0ylPP0aj1VUA==}
    engines: {node: '>=12'}

  d3-transition@3.0.1:
    resolution: {integrity: sha512-ApKvfjsSR6tg06xrL434C0WydLr7JewBB3V+/39RMHsaXTOG0zmt/OAXeng5M5LBm0ojmxJrpomQVZ1aPvBL4w==}
    engines: {node: '>=12'}
    peerDependencies:
      d3-selection: 2 - 3

  d3-zoom@3.0.0:
    resolution: {integrity: sha512-b8AmV3kfQaqWAuacbPuNbL6vahnOJflOhexLzMMNLga62+/nh0JzvJ0aO/5a5MVgUFGS7Hu1P9P03o3fJkDCyw==}
    engines: {node: '>=12'}

  d3@7.9.0:
    resolution: {integrity: sha512-e1U46jVP+w7Iut8Jt8ri1YsPOvFpg46k+K8TpCb0P+zjCkjkPnV7WzfDJzMHy1LnA+wj5pLT1wjO901gLXeEhA==}
    engines: {node: '>=12'}

  delaunator@5.0.1:
    resolution: {integrity: sha512-8nvh+XBe96aCESrGOqMp/84b13H9cdKbG5P2ejQCh4d4sK9RL4371qou9drQjMhvnPmhWl5hnmqbEE0fXr9Xnw==}

  entities@4.5.0:
    resolution: {integrity: sha512-V0hjH4dGPh9Ao5p0MoRY6BVqtwCjhz6vI5LT8AJ55H+4g9/4vbHx1I54fS0XuclLhDHArPQCiMjDxjaL8fPxhw==}
    engines: {node: '>=0.12'}

  env-paths@2.2.1:
    resolution: {integrity: sha512-+h1lkLKhZMTYjog1VEpJNG7NZJWcuc2DDk/qsqSTRRCOXiLjeQ1d1/udrUGhqMxUgAlwKNZ0cf2uqan5GLuS2A==}
    engines: {node: '>=6'}

  events@3.3.0:
    resolution: {integrity: sha512-mQw+2fkQbALzQ7V0MY0IqdnXNOeTtP4r0lN9z7AAawCXgqea7bDii20AYrIBrFd/Hx0M2Ocz6S111CaFkUcb0Q==}
    engines: {node: '>=0.8.x'}

  fuse.js@7.1.0:
    resolution: {integrity: sha512-trLf4SzuuUxfusZADLINj+dE8clK1frKdmqiJNb1Es75fmI5oY6X2mxLVUciLLjxqw/xr72Dhy+lER6dGd02FQ==}
    engines: {node: '>=10'}

  graphology-indices@0.17.0:
    resolution: {integrity: sha512-A7RXuKQvdqSWOpn7ZVQo4S33O0vCfPBnUSf7FwE0zNCasqwZVUaCXePuWo5HBpWw68KJcwObZDHpFk6HKH6MYQ==}
    peerDependencies:
      graphology-types: '>=0.20.0'

  graphology-traversal@0.3.1:
    resolution: {integrity: sha512-lGLrLKEDKtNgAKgHVhVftKf3cb/nuWwuVPQZHXRnN90JWn0RSjco/s+NB2ARSlMapEMlbnPgv6j++427yTnU3Q==}
    peerDependencies:
      graphology-types: '>=0.20.0'

  graphology-types@0.24.8:
    resolution: {integrity: sha512-hDRKYXa8TsoZHjgEaysSRyPdT6uB78Ci8WnjgbStlQysz7xR52PInxNsmnB7IBOM1BhikxkNyCVEFgmPKnpx3Q==}

  graphology-utils@2.5.2:
    resolution: {integrity: sha512-ckHg8MXrXJkOARk56ZaSCM1g1Wihe2d6iTmz1enGOz4W/l831MBCKSayeFQfowgF8wd+PQ4rlch/56Vs/VZLDQ==}
    peerDependencies:
      graphology-types: '>=0.23.0'

  graphology@0.26.0:
    resolution: {integrity: sha512-8SSImzgUUYC89Z042s+0r/vMibY7GX/Emz4LDO5e7jYXhuoWfHISPFJYjpRLUSJGq6UQ6xlenvX1p/hJdfXuXg==}
    peerDependencies:
      graphology-types: '>=0.24.0'

  hotkeys-js@3.13.15:
    resolution: {integrity: sha512-gHh8a/cPTCpanraePpjRxyIlxDFrIhYqjuh01UHWEwDpglJKCnvLW8kqSx5gQtOuSsJogNZXLhOdbSExpgUiqg==}

  iconv-lite@0.6.3:
    resolution: {integrity: sha512-4fCk79wshMdzMp2rH06qWrJE4iolqLhCUH+OiuIgU++RB0+94NlDL81atO7GX55uUKueo0txHNtvEyI6D7WdMw==}
    engines: {node: '>=0.10.0'}

  internmap@2.0.3:
    resolution: {integrity: sha512-5Hh7Y1wQbvY5ooGgPbDaL5iYLAPzMTUrjMulskHLH6wnv/A+1q5rgEaiuqEjB+oxGXIVZs1FF+R/KPN3ZSQYYg==}
    engines: {node: '>=12'}

  joi@17.13.3:
    resolution: {integrity: sha512-otDA4ldcIx+ZXsKHWmp0YizCweVRZG96J10b0FevjfuncLO1oX59THoAmHkNubYJ+9gWsYsp5k8v4ib6oDv1fA==}

  katex@0.16.27:
    resolution: {integrity: sha512-aeQoDkuRWSqQN6nSvVCEFvfXdqo1OQiCmmW1kc9xSdjutPv7BGO7pqY9sQRJpMOGrEdfDgF2TfRXe5eUAD2Waw==}
    hasBin: true

  linkify-it@5.0.0:
    resolution: {integrity: sha512-5aHCbzQRADcdP+ATqnDuhhJ/MRIqDkZX5pyjFHRRysS8vZ5AbqGEoFIb6pYHPZ+L/OC2Lc+xT8uHVVR5CAK/wQ==}

  markdown-it@14.1.0:
    resolution: {integrity: sha512-a54IwgWPaeBCAAsv13YgmALOF1elABB08FxO9i+r4VFk5Vl4pKokRPeX8u5TCgSsPi6ec1otfLjdOpVcgbpshg==}
    hasBin: true

  mdurl@2.0.0:
    resolution: {integrity: sha512-Lf+9+2r+Tdp5wXDXC4PcIBjTDtq4UKjCPMQhKIuzpJNW0b96kVqSwW0bT7FhRSfmAiFYgP+SCRvdrDozfh0U5w==}

  mnemonist@0.39.8:
    resolution: {integrity: sha512-vyWo2K3fjrUw8YeeZ1zF0fy6Mu59RHokURlld8ymdUPjMlD9EC9ov1/YPqTgqRvUN9nTr3Gqfz29LYAmu0PHPQ==}

  nunjucks@3.2.4:
    resolution: {integrity: sha512-26XRV6BhkgK0VOxfbU5cQI+ICFUtMLixv1noZn1tGU38kQH5A5nmmbk/O45xdyBhD1esk47nKrY0mvQpZIhRjQ==}
    engines: {node: '>= 6.9.0'}
    hasBin: true
    peerDependencies:
      chokidar: ^3.3.0
    peerDependenciesMeta:
      chokidar:
        optional: true

  obliterator@2.0.5:
    resolution: {integrity: sha512-42CPE9AhahZRsMNslczq0ctAEtqk8Eka26QofnqC346BZdHDySk3LWka23LI7ULIw11NmltpiLagIq8gBozxTw==}

  punycode.js@2.3.1:
    resolution: {integrity: sha512-uxFIHU0YlHYhDQtV4R9J6a52SLx28BCjT+4ieh7IGbgwVJWO+km431c4yRlREUAsAmt/uMjQUyQHNEPf0M39CA==}
    engines: {node: '>=6'}

  robust-predicates@3.0.2:
    resolution: {integrity: sha512-IXgzBWvWQwE6PrDI05OvmXUIruQTcoMDzRsOd5CDvHCVLcLHMTSYvOK5Cm46kWqlV3yAbuSpBZdJ5oP5OUoStg==}

  rw@1.3.3:
    resolution: {integrity: sha512-PdhdWy89SiZogBLaw42zdeqtRJ//zFd2PgQavcICDUgJT5oW10QCRKbJ6bg4r0/UY2M6BWd5tkxuGFRvCkgfHQ==}

  safer-buffer@2.1.2:
    resolution: {integrity: sha512-YZo3K82SD7Riyi0E1EQPojLz7kpepnSQI9IyPbHHg1XXXevb5dJI7tpyN2ADxGcQbHG7vcyRHk0cbwqcQriUtg==}

  uc.micro@2.1.0:
    resolution: {integrity: sha512-ARDJmphmdvUk6Glw7y9DQ2bFkKBHwQHLi2lsaH6PPmz/Ka9sFOBsBluozhDltWmnv9u/cF6Rt87znRTPV+yp/A==}

  yaml@2.8.2:
    resolution: {integrity: sha512-mplynKqc1C2hTVYxd0PU2xQAc22TI1vShAYGksCCfxbn/dFwnHTNi1bvYsBTkhdUNtGIf5xNOg938rrSSYvS9A==}
    engines: {node: '>= 14.6'}
    hasBin: true

snapshots:

  '@graphlab-fr/cosma@2.6.0(graphology-types@0.24.8)':
    dependencies:
      '@vscode/markdown-it-katex': 1.1.2
      citeproc: 2.4.63
      commander: 12.1.0
      csv-parse: 5.6.0
      d3: 7.9.0
      env-paths: 2.2.1
      fuse.js: 7.1.0
      graphology: 0.26.0(graphology-types@0.24.8)
      graphology-traversal: 0.3.1(graphology-types@0.24.8)
      hotkeys-js: 3.13.15
      joi: 17.13.3
      katex: 0.16.27
      markdown-it: 14.1.0
      nunjucks: 3.2.4
      yaml: 2.8.2
    transitivePeerDependencies:
      - chokidar
      - graphology-types

  '@hapi/hoek@9.3.0': {}

  '@hapi/topo@5.1.0':
    dependencies:
      '@hapi/hoek': 9.3.0

  '@sideway/address@4.1.5':
    dependencies:
      '@hapi/hoek': 9.3.0

  '@sideway/formula@3.0.1': {}

  '@sideway/pinpoint@2.0.0': {}

  '@vscode/markdown-it-katex@1.1.2':
    dependencies:
      katex: 0.16.27

  a-sync-waterfall@1.0.1: {}

  argparse@2.0.1: {}

  asap@2.0.6: {}

  citeproc@2.4.63: {}

  commander@12.1.0: {}

  commander@5.1.0: {}

  commander@7.2.0: {}

  commander@8.3.0: {}

  csv-parse@5.6.0: {}

  d3-array@3.2.4:
    dependencies:
      internmap: 2.0.3

  d3-axis@3.0.0: {}

  d3-brush@3.0.0:
    dependencies:
      d3-dispatch: 3.0.1
      d3-drag: 3.0.0
      d3-interpolate: 3.0.1
      d3-selection: 3.0.0
      d3-transition: 3.0.1(d3-selection@3.0.0)

  d3-chord@3.0.1:
    dependencies:
      d3-path: 3.1.0

  d3-color@3.1.0: {}

  d3-contour@4.0.2:
    dependencies:
      d3-array: 3.2.4

  d3-delaunay@6.0.4:
    dependencies:
      delaunator: 5.0.1

  d3-dispatch@3.0.1: {}

  d3-drag@3.0.0:
    dependencies:
      d3-dispatch: 3.0.1
      d3-selection: 3.0.0

  d3-dsv@3.0.1:
    dependencies:
      commander: 7.2.0
      iconv-lite: 0.6.3
      rw: 1.3.3

  d3-ease@3.0.1: {}

  d3-fetch@3.0.1:
    dependencies:
      d3-dsv: 3.0.1

  d3-force@3.0.0:
    dependencies:
      d3-dispatch: 3.0.1
      d3-quadtree: 3.0.1
      d3-timer: 3.0.1

  d3-format@3.1.0: {}

  d3-geo@3.1.1:
    dependencies:
      d3-array: 3.2.4

  d3-hierarchy@3.1.2: {}

  d3-interpolate@3.0.1:
    dependencies:
      d3-color: 3.1.0

  d3-path@3.1.0: {}

  d3-polygon@3.0.1: {}

  d3-quadtree@3.0.1: {}

  d3-random@3.0.1: {}

  d3-scale-chromatic@3.1.0:
    dependencies:
      d3-color: 3.1.0
      d3-interpolate: 3.0.1

  d3-scale@4.0.2:
    dependencies:
      d3-array: 3.2.4
      d3-format: 3.1.0
      d3-interpolate: 3.0.1
      d3-time: 3.1.0
      d3-time-format: 4.1.0

  d3-selection@3.0.0: {}

  d3-shape@3.2.0:
    dependencies:
      d3-path: 3.1.0

  d3-time-format@4.1.0:
    dependencies:
      d3-time: 3.1.0

  d3-time@3.1.0:
    dependencies:
      d3-array: 3.2.4

  d3-timer@3.0.1: {}

  d3-transition@3.0.1(d3-selection@3.0.0):
    dependencies:
      d3-color: 3.1.0
      d3-dispatch: 3.0.1
      d3-ease: 3.0.1
      d3-interpolate: 3.0.1
      d3-selection: 3.0.0
      d3-timer: 3.0.1

  d3-zoom@3.0.0:
    dependencies:
      d3-dispatch: 3.0.1
      d3-drag: 3.0.0
      d3-interpolate: 3.0.1
      d3-selection: 3.0.0
      d3-transition: 3.0.1(d3-selection@3.0.0)

  d3@7.9.0:
    dependencies:
      d3-array: 3.2.4
      d3-axis: 3.0.0
      d3-brush: 3.0.0
      d3-chord: 3.0.1
      d3-color: 3.1.0
      d3-contour: 4.0.2
      d3-delaunay: 6.0.4
      d3-dispatch: 3.0.1
      d3-drag: 3.0.0
      d3-dsv: 3.0.1
      d3-ease: 3.0.1
      d3-fetch: 3.0.1
      d3-force: 3.0.0
      d3-format: 3.1.0
      d3-geo: 3.1.1
      d3-hierarchy: 3.1.2
      d3-interpolate: 3.0.1
      d3-path: 3.1.0
      d3-polygon: 3.0.1
      d3-quadtree: 3.0.1
      d3-random: 3.0.1
      d3-scale: 4.0.2
      d3-scale-chromatic: 3.1.0
      d3-selection: 3.0.0
      d3-shape: 3.2.0
      d3-time: 3.1.0
      d3-time-format: 4.1.0
      d3-timer: 3.0.1
      d3-transition: 3.0.1(d3-selection@3.0.0)
      d3-zoom: 3.0.0

  delaunator@5.0.1:
    dependencies:
      robust-predicates: 3.0.2

  entities@4.5.0: {}

  env-paths@2.2.1: {}

  events@3.3.0: {}

  fuse.js@7.1.0: {}

  graphology-indices@0.17.0(graphology-types@0.24.8):
    dependencies:
      graphology-types: 0.24.8
      graphology-utils: 2.5.2(graphology-types@0.24.8)
      mnemonist: 0.39.8

  graphology-traversal@0.3.1(graphology-types@0.24.8):
    dependencies:
      graphology-indices: 0.17.0(graphology-types@0.24.8)
      graphology-types: 0.24.8
      graphology-utils: 2.5.2(graphology-types@0.24.8)

  graphology-types@0.24.8: {}

  graphology-utils@2.5.2(graphology-types@0.24.8):
    dependencies:
      graphology-types: 0.24.8

  graphology@0.26.0(graphology-types@0.24.8):
    dependencies:
      events: 3.3.0
      graphology-types: 0.24.8

  hotkeys-js@3.13.15: {}

  iconv-lite@0.6.3:
    dependencies:
      safer-buffer: 2.1.2

  internmap@2.0.3: {}

  joi@17.13.3:
    dependencies:
      '@hapi/hoek': 9.3.0
      '@hapi/topo': 5.1.0
      '@sideway/address': 4.1.5
      '@sideway/formula': 3.0.1
      '@sideway/pinpoint': 2.0.0

  katex@0.16.27:
    dependencies:
      commander: 8.3.0

  linkify-it@5.0.0:
    dependencies:
      uc.micro: 2.1.0

  markdown-it@14.1.0:
    dependencies:
      argparse: 2.0.1
      entities: 4.5.0
      linkify-it: 5.0.0
      mdurl: 2.0.0
      punycode.js: 2.3.1
      uc.micro: 2.1.0

  mdurl@2.0.0: {}

  mnemonist@0.39.8:
    dependencies:
      obliterator: 2.0.5

  nunjucks@3.2.4:
    dependencies:
      a-sync-waterfall: 1.0.1
      asap: 2.0.6
      commander: 5.1.0

  obliterator@2.0.5: {}

  punycode.js@2.3.1: {}

  robust-predicates@3.0.2: {}

  rw@1.3.3: {}

  safer-buffer@2.1.2: {}

  uc.micro@2.1.0: {}

  yaml@2.8.2: {}
